
Microsoft Visual Studio Solution File, Format Version 12.00
# Visual Studio Version 17
VisualStudioVersion = 17.10.35013.160
MinimumVisualStudioVersion = 10.0.40219.1
Project("{8BC9CEB8-8B4A-11D0-8D11-00A0C91BC942}") = "Snake Game", "Snake Game\Snake Game.vcxproj", "{41A1FD40-97A0-4820-8B5E-2EF2251021AC}"
EndProject
Global
	GlobalSection(SolutionConfigurationPlatforms) = preSolution
		Debug|x64 = Debug|x64
		Debug|x86 = Debug|x86
		Release|x64 = Release|x64
		Release|x86 = Release|x86
	EndGlobalSection
	GlobalSection(ProjectConfigurationPlatforms) = postSolution
		{41A1FD40-97A0-4820-8B5E-2EF2251021AC}.Debug|x64.ActiveCfg = Debug|x64
		{41A1FD40-97A0-4820-8B5E-2EF2251021AC}.Debug|x64.Build.0 = Debug|x64
		{41A1FD40-97A0-4820-8B5E-2EF2251021AC}.Debug|x86.ActiveCfg = Debug|Win32
		{41A1FD40-97A0-4820-8B5E-2EF2251021AC}.Debug|x86.Build.0 = Debug|Win32
		{41A1FD40-97A0-4820-8B5E-2EF2251021AC}.Release|x64.ActiveCfg = Release|x64
		{41A1FD40-97A0-4820-8B5E-2EF2251021AC}.Release|x64.Build.0 = Release|x64
		{41A1FD40-97A0-4820-8B5E-2EF2251021AC}.Release|x86.ActiveCfg = Release|Win32
		{41A1FD40-97A0-4820-8B5E-2EF2251021AC}.Release|x86.Build.0 = Release|Win32
	EndGlobalSection
	GlobalSection(SolutionProperties) = preSolution
		HideSolutionNode = FALSE
	EndGlobalSection
	GlobalSection(ExtensibilityGlobals) = postSolution
		SolutionGuid = {1080FAA6-4D5F-4C85-80F4-75CA8532764F}
	EndGlobalSection
EndGlobal
